
Microsoft Visual Studio Solution File, Format Version 12.00
# Visual Studio 14
VisualStudioVersion = 14.0.24720.0
MinimumVisualStudioVersion = 10.0.40219.1
Project("{FAE04EC0-301F-11D3-BF4B-00C04F79EFBC}") = "DNA", "DNA\DNA.csproj", "{92CA7CFB-CB88-41DC-B6F6-17E5933886A3}"
EndProject
Project("{FAE04EC0-301F-11D3-BF4B-00C04F79EFBC}") = "DNAAPI", "API\DNAAPI.csproj", "{378D1FE5-9B98-441C-BBAE-532770FE779F}"
EndProject
Project("{FAE04EC0-301F-11D3-BF4B-00C04F79EFBC}") = "DNA.BLL", "DNA.BLL\DNA.BLL.csproj", "{ADC366CB-D9F6-4B29-93D6-2C210841A34D}"
EndProject
Global
	GlobalSection(SolutionConfigurationPlatforms) = preSolution
		Debug|Any CPU = Debug|Any CPU
		Release|Any CPU = Release|Any CPU
	EndGlobalSection
	GlobalSection(ProjectConfigurationPlatforms) = postSolution
		{92CA7CFB-CB88-41DC-B6F6-17E5933886A3}.Debug|Any CPU.ActiveCfg = Debug|Any CPU
		{92CA7CFB-CB88-41DC-B6F6-17E5933886A3}.Debug|Any CPU.Build.0 = Debug|Any CPU
		{92CA7CFB-CB88-41DC-B6F6-17E5933886A3}.Release|Any CPU.ActiveCfg = Release|Any CPU
		{92CA7CFB-CB88-41DC-B6F6-17E5933886A3}.Release|Any CPU.Build.0 = Release|Any CPU
		{378D1FE5-9B98-441C-BBAE-532770FE779F}.Debug|Any CPU.ActiveCfg = Debug|Any CPU
		{378D1FE5-9B98-441C-BBAE-532770FE779F}.Debug|Any CPU.Build.0 = Debug|Any CPU
		{378D1FE5-9B98-441C-BBAE-532770FE779F}.Release|Any CPU.ActiveCfg = Release|Any CPU
		{378D1FE5-9B98-441C-BBAE-532770FE779F}.Release|Any CPU.Build.0 = Release|Any CPU
		{ADC366CB-D9F6-4B29-93D6-2C210841A34D}.Debug|Any CPU.ActiveCfg = Debug|Any CPU
		{ADC366CB-D9F6-4B29-93D6-2C210841A34D}.Debug|Any CPU.Build.0 = Debug|Any CPU
		{ADC366CB-D9F6-4B29-93D6-2C210841A34D}.Release|Any CPU.ActiveCfg = Release|Any CPU
		{ADC366CB-D9F6-4B29-93D6-2C210841A34D}.Release|Any CPU.Build.0 = Release|Any CPU
	EndGlobalSection
	GlobalSection(SolutionProperties) = preSolution
		HideSolutionNode = FALSE
	EndGlobalSection
EndGlobal
